
Microsoft Visual Studio Solution File, Format Version 12.00
# Visual Studio Version 17
VisualStudioVersion = 17.3.32922.545
MinimumVisualStudioVersion = 10.0.40219.1
Project("{9A19103F-16F7-4668-BE54-9A1E7A4F7556}") = "SharedLib", "SharedLib\SharedLib.csproj", "{B30DE63C-CFD2-41A3-91DE-BAFDB614E234}"
EndProject
Project("{9A19103F-16F7-4668-BE54-9A1E7A4F7556}") = "ModernIntegration", "ModernIntegration\ModernIntegration.csproj", "{DC06DF84-1DC1-4681-8F49-0E11B52875C6}"
EndProject
Project("{9A19103F-16F7-4668-BE54-9A1E7A4F7556}") = "ModelMID", "ModelMID\ModelMID.csproj", "{E26455A9-BBA9-4BCC-AB82-9260169A17FC}"
EndProject
Project("{9A19103F-16F7-4668-BE54-9A1E7A4F7556}") = "Test", "Test\Test.csproj", "{1DA58E99-4E25-4890-947E-92754131602C}"
EndProject
Project("{9A19103F-16F7-4668-BE54-9A1E7A4F7556}") = "Front", "Front\Front.csproj", "{0F73D6D3-3A09-4C6C-834D-8E3EC2156F32}"
EndProject
Project("{FAE04EC0-301F-11D3-BF4B-00C04F79EFBC}") = "PrintServer", "PrintServer\PrintServer.csproj", "{5073BEB9-305B-40EB-B6AA-68083D92BD56}"
EndProject
Project("{9A19103F-16F7-4668-BE54-9A1E7A4F7556}") = "TestPsuApi", "TestPsuApi\TestPsuApi.csproj", "{B1CADAAE-FE16-4324-973F-1971A0D100CA}"
EndProject
Project("{9A19103F-16F7-4668-BE54-9A1E7A4F7556}") = "Utils", "Utils\Utils.csproj", "{6A559D88-5D17-4292-B615-B561803F8426}"
EndProject
Project("{FAE04EC0-301F-11D3-BF4B-00C04F79EFBC}") = "ResizePhoto", "ResizePhoto\ResizePhoto.csproj", "{B6E528B4-8F8C-4C61-B073-97B9F0B399AF}"
EndProject
Project("{FAE04EC0-301F-11D3-BF4B-00C04F79EFBC}") = "SocketClient", "SocketClient\SocketClient.csproj", "{8484612C-D125-47CC-B554-61C3DCAAA1C5}"
EndProject
Project("{FAE04EC0-301F-11D3-BF4B-00C04F79EFBC}") = "ServerRRO", "ServerRRO\ServerRRO.csproj", "{A013275B-9555-4199-A301-874C09177481}"
EndProject
Project("{9A19103F-16F7-4668-BE54-9A1E7A4F7556}") = "UtilNetwork", "UtilNetwork\UtilNetwork.csproj", "{42653FA8-EF6C-4678-BC67-3665D68D2A32}"
EndProject
Project("{9A19103F-16F7-4668-BE54-9A1E7A4F7556}") = "Equipments", "Equipments\Equipments.csproj", "{2853DF49-8B4B-4E44-A09F-F0151A18D674}"
EndProject
Project("{9A19103F-16F7-4668-BE54-9A1E7A4F7556}") = "FrontAvalonia", "FrontAvalonia\FrontAvalonia.csproj", "{C2CE01D8-AE45-4287-8F04-FAF898F8C792}"
EndProject
Project("{9A19103F-16F7-4668-BE54-9A1E7A4F7556}") = "FrontAvalonia.Desktop", "FrontAvalonia.Desktop\FrontAvalonia.Desktop.csproj", "{A3661D53-E158-4F6F-80A5-912BB5C44CDA}"
EndProject
Global
	GlobalSection(SolutionConfigurationPlatforms) = preSolution
		Debug|Any CPU = Debug|Any CPU
		Release|Any CPU = Release|Any CPU
	EndGlobalSection
	GlobalSection(ProjectConfigurationPlatforms) = postSolution
		{B30DE63C-CFD2-41A3-91DE-BAFDB614E234}.Debug|Any CPU.ActiveCfg = Debug|Any CPU
		{B30DE63C-CFD2-41A3-91DE-BAFDB614E234}.Debug|Any CPU.Build.0 = Debug|Any CPU
		{B30DE63C-CFD2-41A3-91DE-BAFDB614E234}.Release|Any CPU.ActiveCfg = Release|Any CPU
		{B30DE63C-CFD2-41A3-91DE-BAFDB614E234}.Release|Any CPU.Build.0 = Release|Any CPU
		{DC06DF84-1DC1-4681-8F49-0E11B52875C6}.Debug|Any CPU.ActiveCfg = Debug|Any CPU
		{DC06DF84-1DC1-4681-8F49-0E11B52875C6}.Debug|Any CPU.Build.0 = Debug|Any CPU
		{DC06DF84-1DC1-4681-8F49-0E11B52875C6}.Release|Any CPU.ActiveCfg = Release|Any CPU
		{DC06DF84-1DC1-4681-8F49-0E11B52875C6}.Release|Any CPU.Build.0 = Release|Any CPU
		{E26455A9-BBA9-4BCC-AB82-9260169A17FC}.Debug|Any CPU.ActiveCfg = Debug|Any CPU
		{E26455A9-BBA9-4BCC-AB82-9260169A17FC}.Debug|Any CPU.Build.0 = Debug|Any CPU
		{E26455A9-BBA9-4BCC-AB82-9260169A17FC}.Release|Any CPU.ActiveCfg = Release|Any CPU
		{E26455A9-BBA9-4BCC-AB82-9260169A17FC}.Release|Any CPU.Build.0 = Release|Any CPU
		{1DA58E99-4E25-4890-947E-92754131602C}.Debug|Any CPU.ActiveCfg = Debug|Any CPU
		{1DA58E99-4E25-4890-947E-92754131602C}.Debug|Any CPU.Build.0 = Debug|Any CPU
		{1DA58E99-4E25-4890-947E-92754131602C}.Release|Any CPU.ActiveCfg = Release|Any CPU
		{1DA58E99-4E25-4890-947E-92754131602C}.Release|Any CPU.Build.0 = Release|Any CPU
		{0F73D6D3-3A09-4C6C-834D-8E3EC2156F32}.Debug|Any CPU.ActiveCfg = Debug|Any CPU
		{0F73D6D3-3A09-4C6C-834D-8E3EC2156F32}.Debug|Any CPU.Build.0 = Debug|Any CPU
		{0F73D6D3-3A09-4C6C-834D-8E3EC2156F32}.Release|Any CPU.ActiveCfg = Release|Any CPU
		{0F73D6D3-3A09-4C6C-834D-8E3EC2156F32}.Release|Any CPU.Build.0 = Release|Any CPU
		{5073BEB9-305B-40EB-B6AA-68083D92BD56}.Debug|Any CPU.ActiveCfg = Debug|Any CPU
		{5073BEB9-305B-40EB-B6AA-68083D92BD56}.Debug|Any CPU.Build.0 = Debug|Any CPU
		{5073BEB9-305B-40EB-B6AA-68083D92BD56}.Release|Any CPU.ActiveCfg = Release|Any CPU
		{5073BEB9-305B-40EB-B6AA-68083D92BD56}.Release|Any CPU.Build.0 = Release|Any CPU
		{B1CADAAE-FE16-4324-973F-1971A0D100CA}.Debug|Any CPU.ActiveCfg = Debug|Any CPU
		{B1CADAAE-FE16-4324-973F-1971A0D100CA}.Debug|Any CPU.Build.0 = Debug|Any CPU
		{B1CADAAE-FE16-4324-973F-1971A0D100CA}.Release|Any CPU.ActiveCfg = Release|Any CPU
		{B1CADAAE-FE16-4324-973F-1971A0D100CA}.Release|Any CPU.Build.0 = Release|Any CPU
		{6A559D88-5D17-4292-B615-B561803F8426}.Debug|Any CPU.ActiveCfg = Debug|Any CPU
		{6A559D88-5D17-4292-B615-B561803F8426}.Debug|Any CPU.Build.0 = Debug|Any CPU
		{6A559D88-5D17-4292-B615-B561803F8426}.Release|Any CPU.ActiveCfg = Release|Any CPU
		{6A559D88-5D17-4292-B615-B561803F8426}.Release|Any CPU.Build.0 = Release|Any CPU
		{B6E528B4-8F8C-4C61-B073-97B9F0B399AF}.Debug|Any CPU.ActiveCfg = Debug|Any CPU
		{B6E528B4-8F8C-4C61-B073-97B9F0B399AF}.Debug|Any CPU.Build.0 = Debug|Any CPU
		{B6E528B4-8F8C-4C61-B073-97B9F0B399AF}.Release|Any CPU.ActiveCfg = Release|Any CPU
		{B6E528B4-8F8C-4C61-B073-97B9F0B399AF}.Release|Any CPU.Build.0 = Release|Any CPU
		{8484612C-D125-47CC-B554-61C3DCAAA1C5}.Debug|Any CPU.ActiveCfg = Debug|Any CPU
		{8484612C-D125-47CC-B554-61C3DCAAA1C5}.Debug|Any CPU.Build.0 = Debug|Any CPU
		{8484612C-D125-47CC-B554-61C3DCAAA1C5}.Release|Any CPU.ActiveCfg = Release|Any CPU
		{8484612C-D125-47CC-B554-61C3DCAAA1C5}.Release|Any CPU.Build.0 = Release|Any CPU
		{A013275B-9555-4199-A301-874C09177481}.Debug|Any CPU.ActiveCfg = Debug|Any CPU
		{A013275B-9555-4199-A301-874C09177481}.Debug|Any CPU.Build.0 = Debug|Any CPU
		{A013275B-9555-4199-A301-874C09177481}.Release|Any CPU.ActiveCfg = Release|Any CPU
		{A013275B-9555-4199-A301-874C09177481}.Release|Any CPU.Build.0 = Release|Any CPU
		{42653FA8-EF6C-4678-BC67-3665D68D2A32}.Debug|Any CPU.ActiveCfg = Debug|Any CPU
		{42653FA8-EF6C-4678-BC67-3665D68D2A32}.Debug|Any CPU.Build.0 = Debug|Any CPU
		{42653FA8-EF6C-4678-BC67-3665D68D2A32}.Release|Any CPU.ActiveCfg = Release|Any CPU
		{42653FA8-EF6C-4678-BC67-3665D68D2A32}.Release|Any CPU.Build.0 = Release|Any CPU
		{2853DF49-8B4B-4E44-A09F-F0151A18D674}.Debug|Any CPU.ActiveCfg = Debug|Any CPU
		{2853DF49-8B4B-4E44-A09F-F0151A18D674}.Debug|Any CPU.Build.0 = Debug|Any CPU
		{2853DF49-8B4B-4E44-A09F-F0151A18D674}.Release|Any CPU.ActiveCfg = Release|Any CPU
		{2853DF49-8B4B-4E44-A09F-F0151A18D674}.Release|Any CPU.Build.0 = Release|Any CPU
		{C2CE01D8-AE45-4287-8F04-FAF898F8C792}.Debug|Any CPU.ActiveCfg = Debug|Any CPU
		{C2CE01D8-AE45-4287-8F04-FAF898F8C792}.Debug|Any CPU.Build.0 = Debug|Any CPU
		{C2CE01D8-AE45-4287-8F04-FAF898F8C792}.Release|Any CPU.ActiveCfg = Release|Any CPU
		{C2CE01D8-AE45-4287-8F04-FAF898F8C792}.Release|Any CPU.Build.0 = Release|Any CPU
		{A3661D53-E158-4F6F-80A5-912BB5C44CDA}.Debug|Any CPU.ActiveCfg = Debug|Any CPU
		{A3661D53-E158-4F6F-80A5-912BB5C44CDA}.Debug|Any CPU.Build.0 = Debug|Any CPU
		{A3661D53-E158-4F6F-80A5-912BB5C44CDA}.Release|Any CPU.ActiveCfg = Release|Any CPU
		{A3661D53-E158-4F6F-80A5-912BB5C44CDA}.Release|Any CPU.Build.0 = Release|Any CPU
	EndGlobalSection
	GlobalSection(SolutionProperties) = preSolution
		HideSolutionNode = FALSE
	EndGlobalSection
	GlobalSection(ExtensibilityGlobals) = postSolution
		SolutionGuid = {2E23AA08-5238-40A1-B194-DE5E83EA818D}
	EndGlobalSection
EndGlobal
