
Microsoft Visual Studio Solution File, Format Version 12.00
# Visual Studio Version 17
VisualStudioVersion = 17.6.33829.357
MinimumVisualStudioVersion = 10.0.40219.1
Project("{9A19103F-16F7-4668-BE54-9A1E7A4F7556}") = "AvaloniaMain", "AvaloniaMain.csproj", "{572C0B9E-D051-413B-843E-8E099F3376C3}"
EndProject
Project("{9A19103F-16F7-4668-BE54-9A1E7A4F7556}") = "AvaloniaMain.Desktop", "..\AvaloniaMain.Desktop\AvaloniaMain.Desktop.csproj", "{D76804FD-246D-448B-924A-7B8B1817325E}"
EndProject
Global
	GlobalSection(SolutionConfigurationPlatforms) = preSolution
		Debug|Any CPU = Debug|Any CPU
		Release|Any CPU = Release|Any CPU
	EndGlobalSection
	GlobalSection(ProjectConfigurationPlatforms) = postSolution
		{572C0B9E-D051-413B-843E-8E099F3376C3}.Debug|Any CPU.ActiveCfg = Debug|Any CPU
		{572C0B9E-D051-413B-843E-8E099F3376C3}.Debug|Any CPU.Build.0 = Debug|Any CPU
		{572C0B9E-D051-413B-843E-8E099F3376C3}.Release|Any CPU.ActiveCfg = Release|Any CPU
		{572C0B9E-D051-413B-843E-8E099F3376C3}.Release|Any CPU.Build.0 = Release|Any CPU
		{D76804FD-246D-448B-924A-7B8B1817325E}.Debug|Any CPU.ActiveCfg = Debug|Any CPU
		{D76804FD-246D-448B-924A-7B8B1817325E}.Debug|Any CPU.Build.0 = Debug|Any CPU
		{D76804FD-246D-448B-924A-7B8B1817325E}.Release|Any CPU.ActiveCfg = Release|Any CPU
		{D76804FD-246D-448B-924A-7B8B1817325E}.Release|Any CPU.Build.0 = Release|Any CPU
	EndGlobalSection
	GlobalSection(SolutionProperties) = preSolution
		HideSolutionNode = FALSE
	EndGlobalSection
	GlobalSection(ExtensibilityGlobals) = postSolution
		SolutionGuid = {E33D0E1D-C7DF-4BA5-90C5-0C30C8A645FE}
	EndGlobalSection
EndGlobal
